
Microsoft Visual Studio Solution File, Format Version 11.00
# Visual Studio 2010
Project("{FAE04EC0-301F-11D3-BF4B-00C04F79EFBC}") = "UnityEngine.TestRunner", "UnityEngine.TestRunner.csproj", "{84f5ac74-0692-efdd-6d7e-ba3ffd97a39a}"
EndProject
Project("{FAE04EC0-301F-11D3-BF4B-00C04F79EFBC}") = "UnityEngine.UI", "UnityEngine.UI.csproj", "{efb92b71-40b3-d85b-6120-51ebb6dcbbfe}"
EndProject
Project("{FAE04EC0-301F-11D3-BF4B-00C04F79EFBC}") = "Unity.VisualScripting.Flow", "Unity.VisualScripting.Flow.csproj", "{1027bfc6-b2b5-725b-cd2e-ef2d95c19f3d}"
EndProject
Project("{FAE04EC0-301F-11D3-BF4B-00C04F79EFBC}") = "Unity.Services.Core.Telemetry", "Unity.Services.Core.Telemetry.csproj", "{001d929a-91dd-7cc1-ef4d-2af787cc9ec9}"
EndProject
Project("{FAE04EC0-301F-11D3-BF4B-00C04F79EFBC}") = "Unity.VisualScripting.State", "Unity.VisualScripting.State.csproj", "{6fc5a60a-69ed-4975-a4dc-808489fbc951}"
EndProject
Project("{FAE04EC0-301F-11D3-BF4B-00C04F79EFBC}") = "Unity.VisualScripting.Core", "Unity.VisualScripting.Core.csproj", "{db9df7bc-5e6d-8e9a-01bc-c006de834dce}"
EndProject
Project("{FAE04EC0-301F-11D3-BF4B-00C04F79EFBC}") = "Unity.Services.Core.Environments.Internal", "Unity.Services.Core.Environments.Internal.csproj", "{be6ca152-bae1-45db-7c10-30f8c9b84890}"
EndProject
Project("{FAE04EC0-301F-11D3-BF4B-00C04F79EFBC}") = "Unity.TextMeshPro", "Unity.TextMeshPro.csproj", "{caf584e7-9c1b-c0aa-141e-87f209aaf379}"
EndProject
Project("{FAE04EC0-301F-11D3-BF4B-00C04F79EFBC}") = "Unity.Timeline", "Unity.Timeline.csproj", "{f454163b-e968-6996-e230-638de41bfe7e}"
EndProject
Project("{FAE04EC0-301F-11D3-BF4B-00C04F79EFBC}") = "Unity.Services.Core.Environments", "Unity.Services.Core.Environments.csproj", "{08371f46-09e7-0378-80b6-6348f1385451}"
EndProject
Project("{FAE04EC0-301F-11D3-BF4B-00C04F79EFBC}") = "Unity.Services.Core.Internal", "Unity.Services.Core.Internal.csproj", "{9409ff29-9b64-50c9-500a-ec540983032d}"
EndProject
Project("{FAE04EC0-301F-11D3-BF4B-00C04F79EFBC}") = "Unity.Services.Core.Analytics", "Unity.Services.Core.Analytics.csproj", "{b90eeeb8-9f34-5412-3c3e-0ff130cba66b}"
EndProject
Project("{FAE04EC0-301F-11D3-BF4B-00C04F79EFBC}") = "Unity.Services.Core.Scheduler", "Unity.Services.Core.Scheduler.csproj", "{1c85cedc-af82-73a0-3bb9-c64c86182aa8}"
EndProject
Project("{FAE04EC0-301F-11D3-BF4B-00C04F79EFBC}") = "Unity.Services.Core.Registration", "Unity.Services.Core.Registration.csproj", "{a2cea6b6-4ecf-0aad-fde6-5382001760b3}"
EndProject
Project("{FAE04EC0-301F-11D3-BF4B-00C04F79EFBC}") = "Unity.Services.Core.Device", "Unity.Services.Core.Device.csproj", "{cd0f7bde-94c2-c7a2-bfd0-72f57b7127aa}"
EndProject
Project("{FAE04EC0-301F-11D3-BF4B-00C04F79EFBC}") = "Unity.Services.Core.Threading", "Unity.Services.Core.Threading.csproj", "{0eb8062c-98b0-3c1e-1f76-5988fbb25b87}"
EndProject
Project("{FAE04EC0-301F-11D3-BF4B-00C04F79EFBC}") = "Unity.Services.Core.Networking", "Unity.Services.Core.Networking.csproj", "{6b94ad48-0490-c24d-712a-c7cdbc1776cd}"
EndProject
Project("{FAE04EC0-301F-11D3-BF4B-00C04F79EFBC}") = "Unity.Services.Core", "Unity.Services.Core.csproj", "{a6bd3934-9a15-f3e3-c7e4-306818834d56}"
EndProject
Project("{FAE04EC0-301F-11D3-BF4B-00C04F79EFBC}") = "Assembly-CSharp", "Assembly-CSharp.csproj", "{6fb1f8b6-7cdb-93da-d967-9bfab7832b7d}"
EndProject
Project("{FAE04EC0-301F-11D3-BF4B-00C04F79EFBC}") = "Unity.Services.Core.Configuration", "Unity.Services.Core.Configuration.csproj", "{5c6fcdc0-d218-ede0-3e49-6b40b7ff7f2c}"
EndProject
Project("{FAE04EC0-301F-11D3-BF4B-00C04F79EFBC}") = "Unity.PlasticSCM.Editor", "Unity.PlasticSCM.Editor.csproj", "{37b2e844-19a7-4967-4af5-1946ee3687c4}"
EndProject
Project("{FAE04EC0-301F-11D3-BF4B-00C04F79EFBC}") = "Unity.VisualScripting.Core.Editor", "Unity.VisualScripting.Core.Editor.csproj", "{ea585502-343e-decd-6bec-67f51778d47a}"
EndProject
Project("{FAE04EC0-301F-11D3-BF4B-00C04F79EFBC}") = "Unity.VisualScripting.Flow.Editor", "Unity.VisualScripting.Flow.Editor.csproj", "{170523ab-ea36-ff6b-53e7-14a02af9cc96}"
EndProject
Project("{FAE04EC0-301F-11D3-BF4B-00C04F79EFBC}") = "Unity.VisualStudio.Editor", "Unity.VisualStudio.Editor.csproj", "{5dbc5d7d-ba35-5a85-b1ea-d5d5f3f29837}"
EndProject
Project("{FAE04EC0-301F-11D3-BF4B-00C04F79EFBC}") = "Unity.Timeline.Editor", "Unity.Timeline.Editor.csproj", "{830f9904-5d79-0f43-3371-60b6dcd3fa53}"
EndProject
Project("{FAE04EC0-301F-11D3-BF4B-00C04F79EFBC}") = "Unity.VisualScripting.State.Editor", "Unity.VisualScripting.State.Editor.csproj", "{2d965aef-185f-075f-9128-29e2447ecfd8}"
EndProject
Project("{FAE04EC0-301F-11D3-BF4B-00C04F79EFBC}") = "Unity.TextMeshPro.Editor", "Unity.TextMeshPro.Editor.csproj", "{e1bb535d-f436-c8a0-bd23-b98497d19861}"
EndProject
Project("{FAE04EC0-301F-11D3-BF4B-00C04F79EFBC}") = "Unity.VisualScripting.SettingsProvider.Editor", "Unity.VisualScripting.SettingsProvider.Editor.csproj", "{f9f97ce4-61d9-d7e4-995a-c05fde152bb9}"
EndProject
Project("{FAE04EC0-301F-11D3-BF4B-00C04F79EFBC}") = "Unity.CollabProxy.Editor", "Unity.CollabProxy.Editor.csproj", "{8b27640d-1e17-a25a-78ef-b1df16fdd01f}"
EndProject
Project("{FAE04EC0-301F-11D3-BF4B-00C04F79EFBC}") = "UnityEditor.TestRunner", "UnityEditor.TestRunner.csproj", "{ba5092b4-e4e1-b66d-d7c2-de654c8f4c7b}"
EndProject
Project("{FAE04EC0-301F-11D3-BF4B-00C04F79EFBC}") = "Unity.Services.Core.Editor", "Unity.Services.Core.Editor.csproj", "{1cfb6e69-2042-aa39-e6ee-dd09dadcf891}"
EndProject
Project("{FAE04EC0-301F-11D3-BF4B-00C04F79EFBC}") = "Unity.TestTools.CodeCoverage.Editor", "Unity.TestTools.CodeCoverage.Editor.csproj", "{277be9c9-efc1-77a3-01fb-e66030c91045}"
EndProject
Project("{FAE04EC0-301F-11D3-BF4B-00C04F79EFBC}") = "Unity.Rider.Editor", "Unity.Rider.Editor.csproj", "{9f7e13c4-f907-a852-ad06-3bbfc7be9b98}"
EndProject
Project("{FAE04EC0-301F-11D3-BF4B-00C04F79EFBC}") = "Unity.Performance.Profile-Analyzer.Editor", "Unity.Performance.Profile-Analyzer.Editor.csproj", "{7a27edf3-d9c4-7e32-49c5-aee6bf042236}"
EndProject
Project("{FAE04EC0-301F-11D3-BF4B-00C04F79EFBC}") = "Unity.VSCode.Editor", "Unity.VSCode.Editor.csproj", "{96521d52-d056-64b6-5dad-530ed23feaa6}"
EndProject
Project("{FAE04EC0-301F-11D3-BF4B-00C04F79EFBC}") = "UnityEditor.UI", "UnityEditor.UI.csproj", "{496b5808-1f0b-0787-6052-05f3889ccccc}"
EndProject
Project("{FAE04EC0-301F-11D3-BF4B-00C04F79EFBC}") = "Unity.TestTools.CodeCoverage.Editor.OpenCover.Model", "Unity.TestTools.CodeCoverage.Editor.OpenCover.Model.csproj", "{de673960-a49c-d0e2-f32a-3672489236b5}"
EndProject
Project("{FAE04EC0-301F-11D3-BF4B-00C04F79EFBC}") = "Unity.EditorCoroutines.Editor", "Unity.EditorCoroutines.Editor.csproj", "{255da8f7-8540-676c-0786-264a27eee7b2}"
EndProject
Project("{FAE04EC0-301F-11D3-BF4B-00C04F79EFBC}") = "Unity.Settings.Editor", "Unity.Settings.Editor.csproj", "{65a15c0a-99de-5064-22bf-662bb295804d}"
EndProject
Project("{FAE04EC0-301F-11D3-BF4B-00C04F79EFBC}") = "Unity.Services.Core.Configuration.Editor", "Unity.Services.Core.Configuration.Editor.csproj", "{ef238f1d-4237-581c-9cb4-93e35f7b6e2c}"
EndProject
Project("{FAE04EC0-301F-11D3-BF4B-00C04F79EFBC}") = "Unity.TestTools.CodeCoverage.Editor.OpenCover.Mono.Reflection", "Unity.TestTools.CodeCoverage.Editor.OpenCover.Mono.Reflection.csproj", "{bf2a93ba-4ead-64b1-2b14-f72cec6b93dd}"
EndProject
Project("{FAE04EC0-301F-11D3-BF4B-00C04F79EFBC}") = "Unity.VisualScripting.Shared.Editor", "Unity.VisualScripting.Shared.Editor.csproj", "{12c0bd86-aa8e-c150-efbe-f3abb5e885b2}"
EndProject
Global
	GlobalSection(SolutionConfigurationPlatforms) = preSolution
		Debug|Any CPU = Debug|Any CPU
	EndGlobalSection
	GlobalSection(ProjectConfigurationPlatforms) = postSolution
		{84f5ac74-0692-efdd-6d7e-ba3ffd97a39a}.Debug|Any CPU.ActiveCfg = Debug|Any CPU
		{84f5ac74-0692-efdd-6d7e-ba3ffd97a39a}.Debug|Any CPU.Build.0 = Debug|Any CPU
		{efb92b71-40b3-d85b-6120-51ebb6dcbbfe}.Debug|Any CPU.ActiveCfg = Debug|Any CPU
		{efb92b71-40b3-d85b-6120-51ebb6dcbbfe}.Debug|Any CPU.Build.0 = Debug|Any CPU
		{1027bfc6-b2b5-725b-cd2e-ef2d95c19f3d}.Debug|Any CPU.ActiveCfg = Debug|Any CPU
		{1027bfc6-b2b5-725b-cd2e-ef2d95c19f3d}.Debug|Any CPU.Build.0 = Debug|Any CPU
		{001d929a-91dd-7cc1-ef4d-2af787cc9ec9}.Debug|Any CPU.ActiveCfg = Debug|Any CPU
		{001d929a-91dd-7cc1-ef4d-2af787cc9ec9}.Debug|Any CPU.Build.0 = Debug|Any CPU
		{6fc5a60a-69ed-4975-a4dc-808489fbc951}.Debug|Any CPU.ActiveCfg = Debug|Any CPU
		{6fc5a60a-69ed-4975-a4dc-808489fbc951}.Debug|Any CPU.Build.0 = Debug|Any CPU
		{db9df7bc-5e6d-8e9a-01bc-c006de834dce}.Debug|Any CPU.ActiveCfg = Debug|Any CPU
		{db9df7bc-5e6d-8e9a-01bc-c006de834dce}.Debug|Any CPU.Build.0 = Debug|Any CPU
		{be6ca152-bae1-45db-7c10-30f8c9b84890}.Debug|Any CPU.ActiveCfg = Debug|Any CPU
		{be6ca152-bae1-45db-7c10-30f8c9b84890}.Debug|Any CPU.Build.0 = Debug|Any CPU
		{caf584e7-9c1b-c0aa-141e-87f209aaf379}.Debug|Any CPU.ActiveCfg = Debug|Any CPU
		{caf584e7-9c1b-c0aa-141e-87f209aaf379}.Debug|Any CPU.Build.0 = Debug|Any CPU
		{f454163b-e968-6996-e230-638de41bfe7e}.Debug|Any CPU.ActiveCfg = Debug|Any CPU
		{f454163b-e968-6996-e230-638de41bfe7e}.Debug|Any CPU.Build.0 = Debug|Any CPU
		{08371f46-09e7-0378-80b6-6348f1385451}.Debug|Any CPU.ActiveCfg = Debug|Any CPU
		{08371f46-09e7-0378-80b6-6348f1385451}.Debug|Any CPU.Build.0 = Debug|Any CPU
		{9409ff29-9b64-50c9-500a-ec540983032d}.Debug|Any CPU.ActiveCfg = Debug|Any CPU
		{9409ff29-9b64-50c9-500a-ec540983032d}.Debug|Any CPU.Build.0 = Debug|Any CPU
		{b90eeeb8-9f34-5412-3c3e-0ff130cba66b}.Debug|Any CPU.ActiveCfg = Debug|Any CPU
		{b90eeeb8-9f34-5412-3c3e-0ff130cba66b}.Debug|Any CPU.Build.0 = Debug|Any CPU
		{1c85cedc-af82-73a0-3bb9-c64c86182aa8}.Debug|Any CPU.ActiveCfg = Debug|Any CPU
		{1c85cedc-af82-73a0-3bb9-c64c86182aa8}.Debug|Any CPU.Build.0 = Debug|Any CPU
		{a2cea6b6-4ecf-0aad-fde6-5382001760b3}.Debug|Any CPU.ActiveCfg = Debug|Any CPU
		{a2cea6b6-4ecf-0aad-fde6-5382001760b3}.Debug|Any CPU.Build.0 = Debug|Any CPU
		{cd0f7bde-94c2-c7a2-bfd0-72f57b7127aa}.Debug|Any CPU.ActiveCfg = Debug|Any CPU
		{cd0f7bde-94c2-c7a2-bfd0-72f57b7127aa}.Debug|Any CPU.Build.0 = Debug|Any CPU
		{0eb8062c-98b0-3c1e-1f76-5988fbb25b87}.Debug|Any CPU.ActiveCfg = Debug|Any CPU
		{0eb8062c-98b0-3c1e-1f76-5988fbb25b87}.Debug|Any CPU.Build.0 = Debug|Any CPU
		{6b94ad48-0490-c24d-712a-c7cdbc1776cd}.Debug|Any CPU.ActiveCfg = Debug|Any CPU
		{6b94ad48-0490-c24d-712a-c7cdbc1776cd}.Debug|Any CPU.Build.0 = Debug|Any CPU
		{a6bd3934-9a15-f3e3-c7e4-306818834d56}.Debug|Any CPU.ActiveCfg = Debug|Any CPU
		{a6bd3934-9a15-f3e3-c7e4-306818834d56}.Debug|Any CPU.Build.0 = Debug|Any CPU
		{6fb1f8b6-7cdb-93da-d967-9bfab7832b7d}.Debug|Any CPU.ActiveCfg = Debug|Any CPU
		{6fb1f8b6-7cdb-93da-d967-9bfab7832b7d}.Debug|Any CPU.Build.0 = Debug|Any CPU
		{5c6fcdc0-d218-ede0-3e49-6b40b7ff7f2c}.Debug|Any CPU.ActiveCfg = Debug|Any CPU
		{5c6fcdc0-d218-ede0-3e49-6b40b7ff7f2c}.Debug|Any CPU.Build.0 = Debug|Any CPU
		{37b2e844-19a7-4967-4af5-1946ee3687c4}.Debug|Any CPU.ActiveCfg = Debug|Any CPU
		{37b2e844-19a7-4967-4af5-1946ee3687c4}.Debug|Any CPU.Build.0 = Debug|Any CPU
		{ea585502-343e-decd-6bec-67f51778d47a}.Debug|Any CPU.ActiveCfg = Debug|Any CPU
		{ea585502-343e-decd-6bec-67f51778d47a}.Debug|Any CPU.Build.0 = Debug|Any CPU
		{170523ab-ea36-ff6b-53e7-14a02af9cc96}.Debug|Any CPU.ActiveCfg = Debug|Any CPU
		{170523ab-ea36-ff6b-53e7-14a02af9cc96}.Debug|Any CPU.Build.0 = Debug|Any CPU
		{5dbc5d7d-ba35-5a85-b1ea-d5d5f3f29837}.Debug|Any CPU.ActiveCfg = Debug|Any CPU
		{5dbc5d7d-ba35-5a85-b1ea-d5d5f3f29837}.Debug|Any CPU.Build.0 = Debug|Any CPU
		{830f9904-5d79-0f43-3371-60b6dcd3fa53}.Debug|Any CPU.ActiveCfg = Debug|Any CPU
		{830f9904-5d79-0f43-3371-60b6dcd3fa53}.Debug|Any CPU.Build.0 = Debug|Any CPU
		{2d965aef-185f-075f-9128-29e2447ecfd8}.Debug|Any CPU.ActiveCfg = Debug|Any CPU
		{2d965aef-185f-075f-9128-29e2447ecfd8}.Debug|Any CPU.Build.0 = Debug|Any CPU
		{e1bb535d-f436-c8a0-bd23-b98497d19861}.Debug|Any CPU.ActiveCfg = Debug|Any CPU
		{e1bb535d-f436-c8a0-bd23-b98497d19861}.Debug|Any CPU.Build.0 = Debug|Any CPU
		{f9f97ce4-61d9-d7e4-995a-c05fde152bb9}.Debug|Any CPU.ActiveCfg = Debug|Any CPU
		{f9f97ce4-61d9-d7e4-995a-c05fde152bb9}.Debug|Any CPU.Build.0 = Debug|Any CPU
		{8b27640d-1e17-a25a-78ef-b1df16fdd01f}.Debug|Any CPU.ActiveCfg = Debug|Any CPU
		{8b27640d-1e17-a25a-78ef-b1df16fdd01f}.Debug|Any CPU.Build.0 = Debug|Any CPU
		{ba5092b4-e4e1-b66d-d7c2-de654c8f4c7b}.Debug|Any CPU.ActiveCfg = Debug|Any CPU
		{ba5092b4-e4e1-b66d-d7c2-de654c8f4c7b}.Debug|Any CPU.Build.0 = Debug|Any CPU
		{1cfb6e69-2042-aa39-e6ee-dd09dadcf891}.Debug|Any CPU.ActiveCfg = Debug|Any CPU
		{1cfb6e69-2042-aa39-e6ee-dd09dadcf891}.Debug|Any CPU.Build.0 = Debug|Any CPU
		{277be9c9-efc1-77a3-01fb-e66030c91045}.Debug|Any CPU.ActiveCfg = Debug|Any CPU
		{277be9c9-efc1-77a3-01fb-e66030c91045}.Debug|Any CPU.Build.0 = Debug|Any CPU
		{9f7e13c4-f907-a852-ad06-3bbfc7be9b98}.Debug|Any CPU.ActiveCfg = Debug|Any CPU
		{9f7e13c4-f907-a852-ad06-3bbfc7be9b98}.Debug|Any CPU.Build.0 = Debug|Any CPU
		{7a27edf3-d9c4-7e32-49c5-aee6bf042236}.Debug|Any CPU.ActiveCfg = Debug|Any CPU
		{7a27edf3-d9c4-7e32-49c5-aee6bf042236}.Debug|Any CPU.Build.0 = Debug|Any CPU
		{96521d52-d056-64b6-5dad-530ed23feaa6}.Debug|Any CPU.ActiveCfg = Debug|Any CPU
		{96521d52-d056-64b6-5dad-530ed23feaa6}.Debug|Any CPU.Build.0 = Debug|Any CPU
		{496b5808-1f0b-0787-6052-05f3889ccccc}.Debug|Any CPU.ActiveCfg = Debug|Any CPU
		{496b5808-1f0b-0787-6052-05f3889ccccc}.Debug|Any CPU.Build.0 = Debug|Any CPU
		{de673960-a49c-d0e2-f32a-3672489236b5}.Debug|Any CPU.ActiveCfg = Debug|Any CPU
		{de673960-a49c-d0e2-f32a-3672489236b5}.Debug|Any CPU.Build.0 = Debug|Any CPU
		{255da8f7-8540-676c-0786-264a27eee7b2}.Debug|Any CPU.ActiveCfg = Debug|Any CPU
		{255da8f7-8540-676c-0786-264a27eee7b2}.Debug|Any CPU.Build.0 = Debug|Any CPU
		{65a15c0a-99de-5064-22bf-662bb295804d}.Debug|Any CPU.ActiveCfg = Debug|Any CPU
		{65a15c0a-99de-5064-22bf-662bb295804d}.Debug|Any CPU.Build.0 = Debug|Any CPU
		{ef238f1d-4237-581c-9cb4-93e35f7b6e2c}.Debug|Any CPU.ActiveCfg = Debug|Any CPU
		{ef238f1d-4237-581c-9cb4-93e35f7b6e2c}.Debug|Any CPU.Build.0 = Debug|Any CPU
		{bf2a93ba-4ead-64b1-2b14-f72cec6b93dd}.Debug|Any CPU.ActiveCfg = Debug|Any CPU
		{bf2a93ba-4ead-64b1-2b14-f72cec6b93dd}.Debug|Any CPU.Build.0 = Debug|Any CPU
		{12c0bd86-aa8e-c150-efbe-f3abb5e885b2}.Debug|Any CPU.ActiveCfg = Debug|Any CPU
		{12c0bd86-aa8e-c150-efbe-f3abb5e885b2}.Debug|Any CPU.Build.0 = Debug|Any CPU
	EndGlobalSection
	GlobalSection(SolutionProperties) = preSolution
		HideSolutionNode = FALSE
	EndGlobalSection
EndGlobal
